
Microsoft Visual Studio Solution File, Format Version 12.00
# Visual Studio Version 16
VisualStudioVersion = 16.0.30804.86
MinimumVisualStudioVersion = 10.0.40219.1
Project("{FAE04EC0-301F-11D3-BF4B-00C04F79EFBC}") = "bookStole", "bookStole\bookStole.csproj", "{6BDCDF09-60CB-4F7F-AA29-A52AC8BEB942}"
EndProject
Global
	GlobalSection(SolutionConfigurationPlatforms) = preSolution
		Debug|Any CPU = Debug|Any CPU
		Release|Any CPU = Release|Any CPU
	EndGlobalSection
	GlobalSection(ProjectConfigurationPlatforms) = postSolution
		{6BDCDF09-60CB-4F7F-AA29-A52AC8BEB942}.Debug|Any CPU.ActiveCfg = Debug|Any CPU
		{6BDCDF09-60CB-4F7F-AA29-A52AC8BEB942}.Debug|Any CPU.Build.0 = Debug|Any CPU
		{6BDCDF09-60CB-4F7F-AA29-A52AC8BEB942}.Release|Any CPU.ActiveCfg = Release|Any CPU
		{6BDCDF09-60CB-4F7F-AA29-A52AC8BEB942}.Release|Any CPU.Build.0 = Release|Any CPU
	EndGlobalSection
	GlobalSection(SolutionProperties) = preSolution
		HideSolutionNode = FALSE
	EndGlobalSection
	GlobalSection(ExtensibilityGlobals) = postSolution
		SolutionGuid = {07372E80-6E9A-4F6A-AC77-28F81D9FA67B}
	EndGlobalSection
EndGlobal
